
Microsoft Visual Studio Solution File, Format Version 12.00
# Visual Studio 15
VisualStudioVersion = 15.0.26430.16
MinimumVisualStudioVersion = 10.0.40219.1
Project("{FAE04EC0-301F-11D3-BF4B-00C04F79EFBC}") = "WFGangReader", "WFGangReader\WFGangReader.csproj", "{FF899BCF-E2CB-4862-88C0-20CCC1053FA9}"
EndProject
Global
	GlobalSection(SolutionConfigurationPlatforms) = preSolution
		Debug|Any CPU = Debug|Any CPU
		Release|Any CPU = Release|Any CPU
	EndGlobalSection
	GlobalSection(ProjectConfigurationPlatforms) = postSolution
		{FF899BCF-E2CB-4862-88C0-20CCC1053FA9}.Debug|Any CPU.ActiveCfg = Release|Any CPU
		{FF899BCF-E2CB-4862-88C0-20CCC1053FA9}.Debug|Any CPU.Build.0 = Release|Any CPU
		{FF899BCF-E2CB-4862-88C0-20CCC1053FA9}.Release|Any CPU.ActiveCfg = Debug|Any CPU
		{FF899BCF-E2CB-4862-88C0-20CCC1053FA9}.Release|Any CPU.Build.0 = Debug|Any CPU
	EndGlobalSection
	GlobalSection(SolutionProperties) = preSolution
		HideSolutionNode = FALSE
	EndGlobalSection
	GlobalSection(ExtensibilityGlobals) = postSolution
		SolutionGuid = {D993855D-87E6-424A-8141-477D5DE674D2}
	EndGlobalSection
EndGlobal
